github.com/BurntSushi/toml v0.3.1 h1:WXkYYl6Yr3qBf1K79EBnL4mak0OimBfB0XUf9Vl28OQ=
github.com/BurntSushi/toml v0.3.1/go.mod h1:xHWCNGjB5oqiDr8zfno3MHue2Ht5sIBksp03qcyfWMU=
github.com/beanstalkd/go-beanstalk v0.0.0-20190108065340-28608e928096 h1:7VkJ296wFy/Ee7Ku2uuZT7RJiGDcojuVq+rhGkmfG2Y=
github.com/beanstalkd/go-beanstalk v0.0.0-20190108065340-28608e928096/go.mod h1:Q3f6RCbUHp8RHSfBiPUZBojK76rir8Rl+KINuz2/sYs=
github.com/rakyll/statik v0.1.5 h1:Ly2UjURzxnsSYS0zI50fZ+srA+Fu7EbpV5hglvJvJG0=
github.com/rakyll/statik v0.1.5/go.mod h1:OEi9wJV/fMUAGx1eNjq75DKDsJVuEv1U0oYdX6GX8Zs=
